
Microsoft Visual Studio Solution File, Format Version 12.00
# Visual Studio 14
VisualStudioVersion = 14.0.25123.0
MinimumVisualStudioVersion = 10.0.40219.1
Project("{FAE04EC0-301F-11D3-BF4B-00C04F79EFBC}") = "MortgageCalculator", "MortgageCalculator\MortgageCalculator.csproj", "{1E6E29FE-E39E-47FA-BA89-880645640BA4}"
EndProject
Project("{FAE04EC0-301F-11D3-BF4B-00C04F79EFBC}") = "GuessingGame", "GuessingGame\GuessingGame.csproj", "{E1BB216E-0922-411E-837B-F7A170B9EDD3}"
EndProject
Project("{FAE04EC0-301F-11D3-BF4B-00C04F79EFBC}") = "ShoppingAppExample", "ShoppingAppExample\ShoppingAppExample.csproj", "{3A7F62AD-9786-47AC-BF31-CC8E4006FFF7}"
EndProject
Project("{FAE04EC0-301F-11D3-BF4B-00C04F79EFBC}") = "BlackjackGame", "BlackjackGame\BlackjackGame.csproj", "{A1EA9EAB-5011-494F-9357-F3F902DC0874}"
EndProject
Project("{FAE04EC0-301F-11D3-BF4B-00C04F79EFBC}") = "ReadTextFileWhile", "ReadTextFileWhile\ReadTextFileWhile.csproj", "{33950064-F2AE-4287-8A5A-75A87AE2AA23}"
EndProject
Project("{FAE04EC0-301F-11D3-BF4B-00C04F79EFBC}") = "StringsDateTime", "Strings\StringsDateTime.csproj", "{802A247A-F046-47D2-896B-815B630C1B6A}"
EndProject
Project("{2150E333-8FDC-42A3-9474-1A3956D46DE8}") = "Teaching Examples", "Teaching Examples", "{5EF08090-8E44-4073-8181-2C8A306FC4E1}"
EndProject
Project("{2150E333-8FDC-42A3-9474-1A3956D46DE8}") = "App Examples", "App Examples", "{A631992B-A214-4A79-B133-00C9E797372D}"
EndProject
Project("{FAE04EC0-301F-11D3-BF4B-00C04F79EFBC}") = "HW Tester", "HW Tester\HW Tester.csproj", "{AB7258BD-A3AD-4359-B2C8-B8A87E425ACD}"
EndProject
Project("{FAE04EC0-301F-11D3-BF4B-00C04F79EFBC}") = "UsingSwitch", "UsingSwitch\UsingSwitch.csproj", "{BBC67016-B34E-4D81-AA56-7D0D80C5FE31}"
EndProject
Project("{FAE04EC0-301F-11D3-BF4B-00C04F79EFBC}") = "UnderstandingEnumerations", "UnderstandingEnumerations\UnderstandingEnumerations.csproj", "{F88CDC0D-F644-42C2-85D5-A89558266609}"
EndProject
Project("{FAE04EC0-301F-11D3-BF4B-00C04F79EFBC}") = "AirlinePerformance", "AirlinePerformance\AirlinePerformance.csproj", "{7240C952-32A9-4B28-B0A6-843CA583B5E0}"
EndProject
Project("{FAE04EC0-301F-11D3-BF4B-00C04F79EFBC}") = "Classes", "SunTime_Class\Classes.csproj", "{8C6B27DD-7811-4E07-B3F3-43AA28E301FC}"
EndProject
Project("{FAE04EC0-301F-11D3-BF4B-00C04F79EFBC}") = "Exceptions", "Exceptions\Exceptions.csproj", "{DCA90D4A-341D-4D03-8EF0-719EEDDF05C9}"
EndProject
Project("{FAE04EC0-301F-11D3-BF4B-00C04F79EFBC}") = "refOutParams", "refANDout\refOutParams.csproj", "{72A1FDE5-39F3-46E0-BE07-4334632A92B8}"
EndProject
Project("{2150E333-8FDC-42A3-9474-1A3956D46DE8}") = "Lecture 3", "Lecture 3", "{32A23955-296C-449F-9198-0BA9CFEF8F23}"
EndProject
Project("{2150E333-8FDC-42A3-9474-1A3956D46DE8}") = "Lecture 2", "Lecture 2", "{E5CC04F7-1148-49F6-A08B-8D4C6431F531}"
EndProject
Project("{FAE04EC0-301F-11D3-BF4B-00C04F79EFBC}") = "WorkingWithCollections", "Collections\WorkingWithCollections.csproj", "{0BC785D9-1C8B-4E9B-BE3C-7CCF4EE674D8}"
EndProject
Project("{FAE04EC0-301F-11D3-BF4B-00C04F79EFBC}") = "ListDictionary", "ListDictionary\ListDictionary.csproj", "{AC57339A-2D53-4230-8F47-9F38BFAFDB53}"
EndProject
Project("{2150E333-8FDC-42A3-9474-1A3956D46DE8}") = "Lecture 4", "Lecture 4", "{D15661B5-3619-48D8-BCD6-65DAFF0BE224}"
EndProject
Project("{FAE04EC0-301F-11D3-BF4B-00C04F79EFBC}") = "LINQ", "LINQ\LINQ.csproj", "{2AD6F78C-CCF3-485D-8941-1B5C852618DF}"
EndProject
Project("{FAE04EC0-301F-11D3-BF4B-00C04F79EFBC}") = "LINQ_AirlinePerformance", "LINQ_AirlinePerformance\LINQ_AirlinePerformance.csproj", "{7DF80A0C-B69A-4C77-BC31-1E1D54A2F7FE}"
EndProject
Project("{2150E333-8FDC-42A3-9474-1A3956D46DE8}") = "Lecture 5", "Lecture 5", "{B695AEE4-E81E-4AF6-B3A2-7718BF5852F0}"
EndProject
Project("{FAE04EC0-301F-11D3-BF4B-00C04F79EFBC}") = "Events_Timer", "Events_Timer\Events_Timer.csproj", "{02937BAD-7833-4C72-9F2C-CECE5538B93F}"
EndProject
Project("{FAE04EC0-301F-11D3-BF4B-00C04F79EFBC}") = "WpfEvent", "WpfEvent\WpfEvent.csproj", "{2BBC79A4-471A-4851-B8BF-9F8F6F7C6FA7}"
EndProject
Global
	GlobalSection(SolutionConfigurationPlatforms) = preSolution
		Debug|Any CPU = Debug|Any CPU
		Release|Any CPU = Release|Any CPU
	EndGlobalSection
	GlobalSection(ProjectConfigurationPlatforms) = postSolution
		{1E6E29FE-E39E-47FA-BA89-880645640BA4}.Debug|Any CPU.ActiveCfg = Debug|Any CPU
		{1E6E29FE-E39E-47FA-BA89-880645640BA4}.Debug|Any CPU.Build.0 = Debug|Any CPU
		{1E6E29FE-E39E-47FA-BA89-880645640BA4}.Release|Any CPU.ActiveCfg = Release|Any CPU
		{1E6E29FE-E39E-47FA-BA89-880645640BA4}.Release|Any CPU.Build.0 = Release|Any CPU
		{E1BB216E-0922-411E-837B-F7A170B9EDD3}.Debug|Any CPU.ActiveCfg = Debug|Any CPU
		{E1BB216E-0922-411E-837B-F7A170B9EDD3}.Debug|Any CPU.Build.0 = Debug|Any CPU
		{E1BB216E-0922-411E-837B-F7A170B9EDD3}.Release|Any CPU.ActiveCfg = Release|Any CPU
		{E1BB216E-0922-411E-837B-F7A170B9EDD3}.Release|Any CPU.Build.0 = Release|Any CPU
		{3A7F62AD-9786-47AC-BF31-CC8E4006FFF7}.Debug|Any CPU.ActiveCfg = Debug|Any CPU
		{3A7F62AD-9786-47AC-BF31-CC8E4006FFF7}.Debug|Any CPU.Build.0 = Debug|Any CPU
		{3A7F62AD-9786-47AC-BF31-CC8E4006FFF7}.Release|Any CPU.ActiveCfg = Release|Any CPU
		{3A7F62AD-9786-47AC-BF31-CC8E4006FFF7}.Release|Any CPU.Build.0 = Release|Any CPU
		{A1EA9EAB-5011-494F-9357-F3F902DC0874}.Debug|Any CPU.ActiveCfg = Debug|Any CPU
		{A1EA9EAB-5011-494F-9357-F3F902DC0874}.Debug|Any CPU.Build.0 = Debug|Any CPU
		{A1EA9EAB-5011-494F-9357-F3F902DC0874}.Release|Any CPU.ActiveCfg = Release|Any CPU
		{A1EA9EAB-5011-494F-9357-F3F902DC0874}.Release|Any CPU.Build.0 = Release|Any CPU
		{33950064-F2AE-4287-8A5A-75A87AE2AA23}.Debug|Any CPU.ActiveCfg = Debug|Any CPU
		{33950064-F2AE-4287-8A5A-75A87AE2AA23}.Debug|Any CPU.Build.0 = Debug|Any CPU
		{33950064-F2AE-4287-8A5A-75A87AE2AA23}.Release|Any CPU.ActiveCfg = Release|Any CPU
		{33950064-F2AE-4287-8A5A-75A87AE2AA23}.Release|Any CPU.Build.0 = Release|Any CPU
		{802A247A-F046-47D2-896B-815B630C1B6A}.Debug|Any CPU.ActiveCfg = Debug|Any CPU
		{802A247A-F046-47D2-896B-815B630C1B6A}.Debug|Any CPU.Build.0 = Debug|Any CPU
		{802A247A-F046-47D2-896B-815B630C1B6A}.Release|Any CPU.ActiveCfg = Release|Any CPU
		{802A247A-F046-47D2-896B-815B630C1B6A}.Release|Any CPU.Build.0 = Release|Any CPU
		{AB7258BD-A3AD-4359-B2C8-B8A87E425ACD}.Debug|Any CPU.ActiveCfg = Debug|Any CPU
		{AB7258BD-A3AD-4359-B2C8-B8A87E425ACD}.Debug|Any CPU.Build.0 = Debug|Any CPU
		{AB7258BD-A3AD-4359-B2C8-B8A87E425ACD}.Release|Any CPU.ActiveCfg = Release|Any CPU
		{AB7258BD-A3AD-4359-B2C8-B8A87E425ACD}.Release|Any CPU.Build.0 = Release|Any CPU
		{BBC67016-B34E-4D81-AA56-7D0D80C5FE31}.Debug|Any CPU.ActiveCfg = Debug|Any CPU
		{BBC67016-B34E-4D81-AA56-7D0D80C5FE31}.Debug|Any CPU.Build.0 = Debug|Any CPU
		{BBC67016-B34E-4D81-AA56-7D0D80C5FE31}.Release|Any CPU.ActiveCfg = Release|Any CPU
		{BBC67016-B34E-4D81-AA56-7D0D80C5FE31}.Release|Any CPU.Build.0 = Release|Any CPU
		{F88CDC0D-F644-42C2-85D5-A89558266609}.Debug|Any CPU.ActiveCfg = Debug|Any CPU
		{F88CDC0D-F644-42C2-85D5-A89558266609}.Debug|Any CPU.Build.0 = Debug|Any CPU
		{F88CDC0D-F644-42C2-85D5-A89558266609}.Release|Any CPU.ActiveCfg = Release|Any CPU
		{F88CDC0D-F644-42C2-85D5-A89558266609}.Release|Any CPU.Build.0 = Release|Any CPU
		{7240C952-32A9-4B28-B0A6-843CA583B5E0}.Debug|Any CPU.ActiveCfg = Debug|Any CPU
		{7240C952-32A9-4B28-B0A6-843CA583B5E0}.Debug|Any CPU.Build.0 = Debug|Any CPU
		{7240C952-32A9-4B28-B0A6-843CA583B5E0}.Release|Any CPU.ActiveCfg = Release|Any CPU
		{7240C952-32A9-4B28-B0A6-843CA583B5E0}.Release|Any CPU.Build.0 = Release|Any CPU
		{8C6B27DD-7811-4E07-B3F3-43AA28E301FC}.Debug|Any CPU.ActiveCfg = Debug|Any CPU
		{8C6B27DD-7811-4E07-B3F3-43AA28E301FC}.Debug|Any CPU.Build.0 = Debug|Any CPU
		{8C6B27DD-7811-4E07-B3F3-43AA28E301FC}.Release|Any CPU.ActiveCfg = Release|Any CPU
		{8C6B27DD-7811-4E07-B3F3-43AA28E301FC}.Release|Any CPU.Build.0 = Release|Any CPU
		{DCA90D4A-341D-4D03-8EF0-719EEDDF05C9}.Debug|Any CPU.ActiveCfg = Debug|Any CPU
		{DCA90D4A-341D-4D03-8EF0-719EEDDF05C9}.Debug|Any CPU.Build.0 = Debug|Any CPU
		{DCA90D4A-341D-4D03-8EF0-719EEDDF05C9}.Release|Any CPU.ActiveCfg = Release|Any CPU
		{DCA90D4A-341D-4D03-8EF0-719EEDDF05C9}.Release|Any CPU.Build.0 = Release|Any CPU
		{72A1FDE5-39F3-46E0-BE07-4334632A92B8}.Debug|Any CPU.ActiveCfg = Debug|Any CPU
		{72A1FDE5-39F3-46E0-BE07-4334632A92B8}.Debug|Any CPU.Build.0 = Debug|Any CPU
		{72A1FDE5-39F3-46E0-BE07-4334632A92B8}.Release|Any CPU.ActiveCfg = Release|Any CPU
		{72A1FDE5-39F3-46E0-BE07-4334632A92B8}.Release|Any CPU.Build.0 = Release|Any CPU
		{0BC785D9-1C8B-4E9B-BE3C-7CCF4EE674D8}.Debug|Any CPU.ActiveCfg = Debug|Any CPU
		{0BC785D9-1C8B-4E9B-BE3C-7CCF4EE674D8}.Debug|Any CPU.Build.0 = Debug|Any CPU
		{0BC785D9-1C8B-4E9B-BE3C-7CCF4EE674D8}.Release|Any CPU.ActiveCfg = Release|Any CPU
		{0BC785D9-1C8B-4E9B-BE3C-7CCF4EE674D8}.Release|Any CPU.Build.0 = Release|Any CPU
		{AC57339A-2D53-4230-8F47-9F38BFAFDB53}.Debug|Any CPU.ActiveCfg = Debug|Any CPU
		{AC57339A-2D53-4230-8F47-9F38BFAFDB53}.Debug|Any CPU.Build.0 = Debug|Any CPU
		{AC57339A-2D53-4230-8F47-9F38BFAFDB53}.Release|Any CPU.ActiveCfg = Release|Any CPU
		{AC57339A-2D53-4230-8F47-9F38BFAFDB53}.Release|Any CPU.Build.0 = Release|Any CPU
		{2AD6F78C-CCF3-485D-8941-1B5C852618DF}.Debug|Any CPU.ActiveCfg = Debug|Any CPU
		{2AD6F78C-CCF3-485D-8941-1B5C852618DF}.Debug|Any CPU.Build.0 = Debug|Any CPU
		{2AD6F78C-CCF3-485D-8941-1B5C852618DF}.Release|Any CPU.ActiveCfg = Release|Any CPU
		{2AD6F78C-CCF3-485D-8941-1B5C852618DF}.Release|Any CPU.Build.0 = Release|Any CPU
		{7DF80A0C-B69A-4C77-BC31-1E1D54A2F7FE}.Debug|Any CPU.ActiveCfg = Debug|Any CPU
		{7DF80A0C-B69A-4C77-BC31-1E1D54A2F7FE}.Debug|Any CPU.Build.0 = Debug|Any CPU
		{7DF80A0C-B69A-4C77-BC31-1E1D54A2F7FE}.Release|Any CPU.ActiveCfg = Release|Any CPU
		{7DF80A0C-B69A-4C77-BC31-1E1D54A2F7FE}.Release|Any CPU.Build.0 = Release|Any CPU
		{02937BAD-7833-4C72-9F2C-CECE5538B93F}.Debug|Any CPU.ActiveCfg = Debug|Any CPU
		{02937BAD-7833-4C72-9F2C-CECE5538B93F}.Debug|Any CPU.Build.0 = Debug|Any CPU
		{02937BAD-7833-4C72-9F2C-CECE5538B93F}.Release|Any CPU.ActiveCfg = Release|Any CPU
		{02937BAD-7833-4C72-9F2C-CECE5538B93F}.Release|Any CPU.Build.0 = Release|Any CPU
		{2BBC79A4-471A-4851-B8BF-9F8F6F7C6FA7}.Debug|Any CPU.ActiveCfg = Debug|Any CPU
		{2BBC79A4-471A-4851-B8BF-9F8F6F7C6FA7}.Debug|Any CPU.Build.0 = Debug|Any CPU
		{2BBC79A4-471A-4851-B8BF-9F8F6F7C6FA7}.Release|Any CPU.ActiveCfg = Release|Any CPU
		{2BBC79A4-471A-4851-B8BF-9F8F6F7C6FA7}.Release|Any CPU.Build.0 = Release|Any CPU
	EndGlobalSection
	GlobalSection(SolutionProperties) = preSolution
		HideSolutionNode = FALSE
	EndGlobalSection
	GlobalSection(NestedProjects) = preSolution
		{1E6E29FE-E39E-47FA-BA89-880645640BA4} = {A631992B-A214-4A79-B133-00C9E797372D}
		{E1BB216E-0922-411E-837B-F7A170B9EDD3} = {A631992B-A214-4A79-B133-00C9E797372D}
		{3A7F62AD-9786-47AC-BF31-CC8E4006FFF7} = {A631992B-A214-4A79-B133-00C9E797372D}
		{A1EA9EAB-5011-494F-9357-F3F902DC0874} = {A631992B-A214-4A79-B133-00C9E797372D}
		{33950064-F2AE-4287-8A5A-75A87AE2AA23} = {E5CC04F7-1148-49F6-A08B-8D4C6431F531}
		{802A247A-F046-47D2-896B-815B630C1B6A} = {E5CC04F7-1148-49F6-A08B-8D4C6431F531}
		{BBC67016-B34E-4D81-AA56-7D0D80C5FE31} = {32A23955-296C-449F-9198-0BA9CFEF8F23}
		{F88CDC0D-F644-42C2-85D5-A89558266609} = {32A23955-296C-449F-9198-0BA9CFEF8F23}
		{7240C952-32A9-4B28-B0A6-843CA583B5E0} = {A631992B-A214-4A79-B133-00C9E797372D}
		{8C6B27DD-7811-4E07-B3F3-43AA28E301FC} = {E5CC04F7-1148-49F6-A08B-8D4C6431F531}
		{DCA90D4A-341D-4D03-8EF0-719EEDDF05C9} = {32A23955-296C-449F-9198-0BA9CFEF8F23}
		{72A1FDE5-39F3-46E0-BE07-4334632A92B8} = {32A23955-296C-449F-9198-0BA9CFEF8F23}
		{32A23955-296C-449F-9198-0BA9CFEF8F23} = {5EF08090-8E44-4073-8181-2C8A306FC4E1}
		{E5CC04F7-1148-49F6-A08B-8D4C6431F531} = {5EF08090-8E44-4073-8181-2C8A306FC4E1}
		{0BC785D9-1C8B-4E9B-BE3C-7CCF4EE674D8} = {D15661B5-3619-48D8-BCD6-65DAFF0BE224}
		{AC57339A-2D53-4230-8F47-9F38BFAFDB53} = {D15661B5-3619-48D8-BCD6-65DAFF0BE224}
		{D15661B5-3619-48D8-BCD6-65DAFF0BE224} = {5EF08090-8E44-4073-8181-2C8A306FC4E1}
		{2AD6F78C-CCF3-485D-8941-1B5C852618DF} = {D15661B5-3619-48D8-BCD6-65DAFF0BE224}
		{7DF80A0C-B69A-4C77-BC31-1E1D54A2F7FE} = {A631992B-A214-4A79-B133-00C9E797372D}
		{B695AEE4-E81E-4AF6-B3A2-7718BF5852F0} = {5EF08090-8E44-4073-8181-2C8A306FC4E1}
		{02937BAD-7833-4C72-9F2C-CECE5538B93F} = {B695AEE4-E81E-4AF6-B3A2-7718BF5852F0}
		{2BBC79A4-471A-4851-B8BF-9F8F6F7C6FA7} = {B695AEE4-E81E-4AF6-B3A2-7718BF5852F0}
	EndGlobalSection
EndGlobal
