
Microsoft Visual Studio Solution File, Format Version 12.00
# Visual Studio 14
VisualStudioVersion = 14.0.24720.0
MinimumVisualStudioVersion = 10.0.40219.1
Project("{FAE04EC0-301F-11D3-BF4B-00C04F79EFBC}") = "MortgageCalculator", "MortgageCalculator\MortgageCalculator.csproj", "{1E6E29FE-E39E-47FA-BA89-880645640BA4}"
EndProject
Project("{FAE04EC0-301F-11D3-BF4B-00C04F79EFBC}") = "GuessingGame", "GuessingGame\GuessingGame.csproj", "{E1BB216E-0922-411E-837B-F7A170B9EDD3}"
EndProject
Project("{FAE04EC0-301F-11D3-BF4B-00C04F79EFBC}") = "ShoppingAppExample", "ShoppingAppExample\ShoppingAppExample.csproj", "{3A7F62AD-9786-47AC-BF31-CC8E4006FFF7}"
EndProject
Project("{FAE04EC0-301F-11D3-BF4B-00C04F79EFBC}") = "BlackjackGame", "BlackjackGame\BlackjackGame.csproj", "{A1EA9EAB-5011-494F-9357-F3F902DC0874}"
EndProject
Project("{FAE04EC0-301F-11D3-BF4B-00C04F79EFBC}") = "ReadTextFileWhile", "ReadTextFileWhile\ReadTextFileWhile.csproj", "{33950064-F2AE-4287-8A5A-75A87AE2AA23}"
EndProject
Project("{FAE04EC0-301F-11D3-BF4B-00C04F79EFBC}") = "Strings", "Strings\Strings.csproj", "{802A247A-F046-47D2-896B-815B630C1B6A}"
EndProject
Project("{FAE04EC0-301F-11D3-BF4B-00C04F79EFBC}") = "Vehicle_Class_Example", "VehicleClassExample\Vehicle_Class_Example.csproj", "{B6D25683-D6EA-442C-A5E4-62AC2329CD54}"
EndProject
Project("{2150E333-8FDC-42A3-9474-1A3956D46DE8}") = "Teaching Examples", "Teaching Examples", "{5EF08090-8E44-4073-8181-2C8A306FC4E1}"
EndProject
Project("{2150E333-8FDC-42A3-9474-1A3956D46DE8}") = "App Examples", "App Examples", "{A631992B-A214-4A79-B133-00C9E797372D}"
EndProject
Project("{FAE04EC0-301F-11D3-BF4B-00C04F79EFBC}") = "HW Tester", "HW Tester\HW Tester.csproj", "{AB7258BD-A3AD-4359-B2C8-B8A87E425ACD}"
EndProject
Project("{FAE04EC0-301F-11D3-BF4B-00C04F79EFBC}") = "UsingSwitch", "UsingSwitch\UsingSwitch.csproj", "{BBC67016-B34E-4D81-AA56-7D0D80C5FE31}"
EndProject
Project("{FAE04EC0-301F-11D3-BF4B-00C04F79EFBC}") = "UnderstandingEnumerations", "UnderstandingEnumerations\UnderstandingEnumerations.csproj", "{F88CDC0D-F644-42C2-85D5-A89558266609}"
EndProject
Project("{FAE04EC0-301F-11D3-BF4B-00C04F79EFBC}") = "AirlinePerformance", "AirlinePerformance\AirlinePerformance.csproj", "{7240C952-32A9-4B28-B0A6-843CA583B5E0}"
EndProject
Global
	GlobalSection(SolutionConfigurationPlatforms) = preSolution
		Debug|Any CPU = Debug|Any CPU
		Release|Any CPU = Release|Any CPU
	EndGlobalSection
	GlobalSection(ProjectConfigurationPlatforms) = postSolution
		{1E6E29FE-E39E-47FA-BA89-880645640BA4}.Debug|Any CPU.ActiveCfg = Debug|Any CPU
		{1E6E29FE-E39E-47FA-BA89-880645640BA4}.Debug|Any CPU.Build.0 = Debug|Any CPU
		{1E6E29FE-E39E-47FA-BA89-880645640BA4}.Release|Any CPU.ActiveCfg = Release|Any CPU
		{1E6E29FE-E39E-47FA-BA89-880645640BA4}.Release|Any CPU.Build.0 = Release|Any CPU
		{E1BB216E-0922-411E-837B-F7A170B9EDD3}.Debug|Any CPU.ActiveCfg = Debug|Any CPU
		{E1BB216E-0922-411E-837B-F7A170B9EDD3}.Debug|Any CPU.Build.0 = Debug|Any CPU
		{E1BB216E-0922-411E-837B-F7A170B9EDD3}.Release|Any CPU.ActiveCfg = Release|Any CPU
		{E1BB216E-0922-411E-837B-F7A170B9EDD3}.Release|Any CPU.Build.0 = Release|Any CPU
		{3A7F62AD-9786-47AC-BF31-CC8E4006FFF7}.Debug|Any CPU.ActiveCfg = Debug|Any CPU
		{3A7F62AD-9786-47AC-BF31-CC8E4006FFF7}.Debug|Any CPU.Build.0 = Debug|Any CPU
		{3A7F62AD-9786-47AC-BF31-CC8E4006FFF7}.Release|Any CPU.ActiveCfg = Release|Any CPU
		{3A7F62AD-9786-47AC-BF31-CC8E4006FFF7}.Release|Any CPU.Build.0 = Release|Any CPU
		{A1EA9EAB-5011-494F-9357-F3F902DC0874}.Debug|Any CPU.ActiveCfg = Debug|Any CPU
		{A1EA9EAB-5011-494F-9357-F3F902DC0874}.Debug|Any CPU.Build.0 = Debug|Any CPU
		{A1EA9EAB-5011-494F-9357-F3F902DC0874}.Release|Any CPU.ActiveCfg = Release|Any CPU
		{A1EA9EAB-5011-494F-9357-F3F902DC0874}.Release|Any CPU.Build.0 = Release|Any CPU
		{33950064-F2AE-4287-8A5A-75A87AE2AA23}.Debug|Any CPU.ActiveCfg = Debug|Any CPU
		{33950064-F2AE-4287-8A5A-75A87AE2AA23}.Debug|Any CPU.Build.0 = Debug|Any CPU
		{33950064-F2AE-4287-8A5A-75A87AE2AA23}.Release|Any CPU.ActiveCfg = Release|Any CPU
		{33950064-F2AE-4287-8A5A-75A87AE2AA23}.Release|Any CPU.Build.0 = Release|Any CPU
		{802A247A-F046-47D2-896B-815B630C1B6A}.Debug|Any CPU.ActiveCfg = Debug|Any CPU
		{802A247A-F046-47D2-896B-815B630C1B6A}.Debug|Any CPU.Build.0 = Debug|Any CPU
		{802A247A-F046-47D2-896B-815B630C1B6A}.Release|Any CPU.ActiveCfg = Release|Any CPU
		{802A247A-F046-47D2-896B-815B630C1B6A}.Release|Any CPU.Build.0 = Release|Any CPU
		{B6D25683-D6EA-442C-A5E4-62AC2329CD54}.Debug|Any CPU.ActiveCfg = Debug|Any CPU
		{B6D25683-D6EA-442C-A5E4-62AC2329CD54}.Debug|Any CPU.Build.0 = Debug|Any CPU
		{B6D25683-D6EA-442C-A5E4-62AC2329CD54}.Release|Any CPU.ActiveCfg = Release|Any CPU
		{B6D25683-D6EA-442C-A5E4-62AC2329CD54}.Release|Any CPU.Build.0 = Release|Any CPU
		{AB7258BD-A3AD-4359-B2C8-B8A87E425ACD}.Debug|Any CPU.ActiveCfg = Debug|Any CPU
		{AB7258BD-A3AD-4359-B2C8-B8A87E425ACD}.Debug|Any CPU.Build.0 = Debug|Any CPU
		{AB7258BD-A3AD-4359-B2C8-B8A87E425ACD}.Release|Any CPU.ActiveCfg = Release|Any CPU
		{AB7258BD-A3AD-4359-B2C8-B8A87E425ACD}.Release|Any CPU.Build.0 = Release|Any CPU
		{BBC67016-B34E-4D81-AA56-7D0D80C5FE31}.Debug|Any CPU.ActiveCfg = Debug|Any CPU
		{BBC67016-B34E-4D81-AA56-7D0D80C5FE31}.Debug|Any CPU.Build.0 = Debug|Any CPU
		{BBC67016-B34E-4D81-AA56-7D0D80C5FE31}.Release|Any CPU.ActiveCfg = Release|Any CPU
		{BBC67016-B34E-4D81-AA56-7D0D80C5FE31}.Release|Any CPU.Build.0 = Release|Any CPU
		{F88CDC0D-F644-42C2-85D5-A89558266609}.Debug|Any CPU.ActiveCfg = Debug|Any CPU
		{F88CDC0D-F644-42C2-85D5-A89558266609}.Debug|Any CPU.Build.0 = Debug|Any CPU
		{F88CDC0D-F644-42C2-85D5-A89558266609}.Release|Any CPU.ActiveCfg = Release|Any CPU
		{F88CDC0D-F644-42C2-85D5-A89558266609}.Release|Any CPU.Build.0 = Release|Any CPU
		{7240C952-32A9-4B28-B0A6-843CA583B5E0}.Debug|Any CPU.ActiveCfg = Debug|Any CPU
		{7240C952-32A9-4B28-B0A6-843CA583B5E0}.Debug|Any CPU.Build.0 = Debug|Any CPU
		{7240C952-32A9-4B28-B0A6-843CA583B5E0}.Release|Any CPU.ActiveCfg = Release|Any CPU
		{7240C952-32A9-4B28-B0A6-843CA583B5E0}.Release|Any CPU.Build.0 = Release|Any CPU
	EndGlobalSection
	GlobalSection(SolutionProperties) = preSolution
		HideSolutionNode = FALSE
	EndGlobalSection
	GlobalSection(NestedProjects) = preSolution
		{1E6E29FE-E39E-47FA-BA89-880645640BA4} = {A631992B-A214-4A79-B133-00C9E797372D}
		{E1BB216E-0922-411E-837B-F7A170B9EDD3} = {A631992B-A214-4A79-B133-00C9E797372D}
		{3A7F62AD-9786-47AC-BF31-CC8E4006FFF7} = {A631992B-A214-4A79-B133-00C9E797372D}
		{A1EA9EAB-5011-494F-9357-F3F902DC0874} = {A631992B-A214-4A79-B133-00C9E797372D}
		{33950064-F2AE-4287-8A5A-75A87AE2AA23} = {5EF08090-8E44-4073-8181-2C8A306FC4E1}
		{802A247A-F046-47D2-896B-815B630C1B6A} = {5EF08090-8E44-4073-8181-2C8A306FC4E1}
		{B6D25683-D6EA-442C-A5E4-62AC2329CD54} = {5EF08090-8E44-4073-8181-2C8A306FC4E1}
		{BBC67016-B34E-4D81-AA56-7D0D80C5FE31} = {5EF08090-8E44-4073-8181-2C8A306FC4E1}
		{F88CDC0D-F644-42C2-85D5-A89558266609} = {5EF08090-8E44-4073-8181-2C8A306FC4E1}
		{7240C952-32A9-4B28-B0A6-843CA583B5E0} = {A631992B-A214-4A79-B133-00C9E797372D}
	EndGlobalSection
EndGlobal
