
Microsoft Visual Studio Solution File, Format Version 12.00
# Visual Studio 14
VisualStudioVersion = 14.0.23107.0
MinimumVisualStudioVersion = 10.0.40219.1
Project("{FAE04EC0-301F-11D3-BF4B-00C04F79EFBC}") = "MortgageCalculator", "MortgageCalculator\MortgageCalculator.csproj", "{1E6E29FE-E39E-47FA-BA89-880645640BA4}"
EndProject
Project("{FAE04EC0-301F-11D3-BF4B-00C04F79EFBC}") = "GuessingGame", "..\GuessingGame\GuessingGame.csproj", "{E1BB216E-0922-411E-837B-F7A170B9EDD3}"
EndProject
Project("{FAE04EC0-301F-11D3-BF4B-00C04F79EFBC}") = "ShoppingAppExample", "ShoppingAppExample\ShoppingAppExample.csproj", "{3A7F62AD-9786-47AC-BF31-CC8E4006FFF7}"
EndProject
Project("{FAE04EC0-301F-11D3-BF4B-00C04F79EFBC}") = "TripPlanner", "..\TripPlanner\TripPlanner.csproj", "{0C89E1D3-3FC1-43C5-B604-C9B1F7EB9941}"
EndProject
Global
	GlobalSection(SolutionConfigurationPlatforms) = preSolution
		Debug|Any CPU = Debug|Any CPU
		Release|Any CPU = Release|Any CPU
	EndGlobalSection
	GlobalSection(ProjectConfigurationPlatforms) = postSolution
		{1E6E29FE-E39E-47FA-BA89-880645640BA4}.Debug|Any CPU.ActiveCfg = Debug|Any CPU
		{1E6E29FE-E39E-47FA-BA89-880645640BA4}.Debug|Any CPU.Build.0 = Debug|Any CPU
		{1E6E29FE-E39E-47FA-BA89-880645640BA4}.Release|Any CPU.ActiveCfg = Release|Any CPU
		{1E6E29FE-E39E-47FA-BA89-880645640BA4}.Release|Any CPU.Build.0 = Release|Any CPU
		{E1BB216E-0922-411E-837B-F7A170B9EDD3}.Debug|Any CPU.ActiveCfg = Debug|Any CPU
		{E1BB216E-0922-411E-837B-F7A170B9EDD3}.Debug|Any CPU.Build.0 = Debug|Any CPU
		{E1BB216E-0922-411E-837B-F7A170B9EDD3}.Release|Any CPU.ActiveCfg = Release|Any CPU
		{E1BB216E-0922-411E-837B-F7A170B9EDD3}.Release|Any CPU.Build.0 = Release|Any CPU
		{3A7F62AD-9786-47AC-BF31-CC8E4006FFF7}.Debug|Any CPU.ActiveCfg = Debug|Any CPU
		{3A7F62AD-9786-47AC-BF31-CC8E4006FFF7}.Debug|Any CPU.Build.0 = Debug|Any CPU
		{3A7F62AD-9786-47AC-BF31-CC8E4006FFF7}.Release|Any CPU.ActiveCfg = Release|Any CPU
		{3A7F62AD-9786-47AC-BF31-CC8E4006FFF7}.Release|Any CPU.Build.0 = Release|Any CPU
		{0C89E1D3-3FC1-43C5-B604-C9B1F7EB9941}.Debug|Any CPU.ActiveCfg = Debug|Any CPU
		{0C89E1D3-3FC1-43C5-B604-C9B1F7EB9941}.Debug|Any CPU.Build.0 = Debug|Any CPU
		{0C89E1D3-3FC1-43C5-B604-C9B1F7EB9941}.Release|Any CPU.ActiveCfg = Release|Any CPU
		{0C89E1D3-3FC1-43C5-B604-C9B1F7EB9941}.Release|Any CPU.Build.0 = Release|Any CPU
	EndGlobalSection
	GlobalSection(SolutionProperties) = preSolution
		HideSolutionNode = FALSE
	EndGlobalSection
EndGlobal
